
Microsoft Visual Studio Solution File, Format Version 12.00
# Visual Studio Version 17
VisualStudioVersion = 17.7.34031.279
MinimumVisualStudioVersion = 10.0.40219.1
Project("{9A19103F-16F7-4668-BE54-9A1E7A4F7556}") = "CustomizeHandlers", "src\CustomizeHandlers\CustomizeHandlers.csproj", "{4E402F13-4B66-444B-82FD-2964488BC9D4}"
EndProject
Project("{9A19103F-16F7-4668-BE54-9A1E7A4F7556}") = "CustomControls", "src\CustomControls\CustomControls.csproj", "{FD11D194-DE75-421F-B5D0-63A7BA615902}"
EndProject
Project("{FAE04EC0-301F-11D3-BF4B-00C04F79EFBC}") = "GraphicsSamples", "src\GraphicsSamples\GraphicsSamples.csproj", "{1021913B-2228-47AC-BD83-B26B00205712}"
EndProject
Global
	GlobalSection(SolutionConfigurationPlatforms) = preSolution
		Debug|Any CPU = Debug|Any CPU
		Release|Any CPU = Release|Any CPU
	EndGlobalSection
	GlobalSection(ProjectConfigurationPlatforms) = postSolution
		{4E402F13-4B66-444B-82FD-2964488BC9D4}.Debug|Any CPU.ActiveCfg = Debug|Any CPU
		{4E402F13-4B66-444B-82FD-2964488BC9D4}.Debug|Any CPU.Build.0 = Debug|Any CPU
		{4E402F13-4B66-444B-82FD-2964488BC9D4}.Debug|Any CPU.Deploy.0 = Debug|Any CPU
		{4E402F13-4B66-444B-82FD-2964488BC9D4}.Release|Any CPU.ActiveCfg = Release|Any CPU
		{4E402F13-4B66-444B-82FD-2964488BC9D4}.Release|Any CPU.Build.0 = Release|Any CPU
		{4E402F13-4B66-444B-82FD-2964488BC9D4}.Release|Any CPU.Deploy.0 = Release|Any CPU
		{FD11D194-DE75-421F-B5D0-63A7BA615902}.Debug|Any CPU.ActiveCfg = Debug|Any CPU
		{FD11D194-DE75-421F-B5D0-63A7BA615902}.Debug|Any CPU.Build.0 = Debug|Any CPU
		{FD11D194-DE75-421F-B5D0-63A7BA615902}.Debug|Any CPU.Deploy.0 = Debug|Any CPU
		{FD11D194-DE75-421F-B5D0-63A7BA615902}.Release|Any CPU.ActiveCfg = Release|Any CPU
		{FD11D194-DE75-421F-B5D0-63A7BA615902}.Release|Any CPU.Build.0 = Release|Any CPU
		{FD11D194-DE75-421F-B5D0-63A7BA615902}.Release|Any CPU.Deploy.0 = Release|Any CPU
		{1021913B-2228-47AC-BD83-B26B00205712}.Debug|Any CPU.ActiveCfg = Debug|Any CPU
		{1021913B-2228-47AC-BD83-B26B00205712}.Debug|Any CPU.Build.0 = Debug|Any CPU
		{1021913B-2228-47AC-BD83-B26B00205712}.Debug|Any CPU.Deploy.0 = Debug|Any CPU
		{1021913B-2228-47AC-BD83-B26B00205712}.Release|Any CPU.ActiveCfg = Release|Any CPU
		{1021913B-2228-47AC-BD83-B26B00205712}.Release|Any CPU.Build.0 = Release|Any CPU
		{1021913B-2228-47AC-BD83-B26B00205712}.Release|Any CPU.Deploy.0 = Release|Any CPU
	EndGlobalSection
	GlobalSection(SolutionProperties) = preSolution
		HideSolutionNode = FALSE
	EndGlobalSection
	GlobalSection(ExtensibilityGlobals) = postSolution
		SolutionGuid = {AF928232-3F1E-4000-9EFB-CF6FED4BDE08}
	EndGlobalSection
EndGlobal
